
Microsoft Visual Studio Solution File, Format Version 12.00
# Visual Studio Version 16
VisualStudioVersion = 16.0.32413.511
MinimumVisualStudioVersion = 10.0.40219.1
Project("{FAE04EC0-301F-11D3-BF4B-00C04F79EFBC}") = "Online Food Order System", "Online Food Order System\Online Food Order System.csproj", "{9475895C-3F06-4301-9332-B6AE3FC19DD5}"
EndProject
Global
	GlobalSection(SolutionConfigurationPlatforms) = preSolution
		Debug|Any CPU = Debug|Any CPU
		Release|Any CPU = Release|Any CPU
	EndGlobalSection
	GlobalSection(ProjectConfigurationPlatforms) = postSolution
		{9475895C-3F06-4301-9332-B6AE3FC19DD5}.Debug|Any CPU.ActiveCfg = Debug|Any CPU
		{9475895C-3F06-4301-9332-B6AE3FC19DD5}.Debug|Any CPU.Build.0 = Debug|Any CPU
		{9475895C-3F06-4301-9332-B6AE3FC19DD5}.Release|Any CPU.ActiveCfg = Release|Any CPU
		{9475895C-3F06-4301-9332-B6AE3FC19DD5}.Release|Any CPU.Build.0 = Release|Any CPU
	EndGlobalSection
	GlobalSection(SolutionProperties) = preSolution
		HideSolutionNode = FALSE
	EndGlobalSection
	GlobalSection(ExtensibilityGlobals) = postSolution
		SolutionGuid = {7253393E-4ECB-423F-8203-B48F8EBB250C}
	EndGlobalSection
EndGlobal
